
Microsoft Visual Studio Solution File, Format Version 12.00
# Visual Studio Version 16
VisualStudioVersion = 16.0.30621.155
MinimumVisualStudioVersion = 10.0.40219.1
Project("{FAE04EC0-301F-11D3-BF4B-00C04F79EFBC}") = "ds2-x360-savefix-cs", "ds2fix\ds2-x360-savefix-cs.csproj", "{20FC8C16-FFCC-42D6-AF9D-6EFB83E664F8}"
EndProject
Project("{8BC9CEB8-8B4A-11D0-8D11-00A0C91BC942}") = "ds2-x360-savefix-c", "ds2-x360-savefix\ds2-x360-savefix.vcxproj", "{4CD97432-027E-435C-9139-3FC1BB073DD0}"
EndProject
Global
	GlobalSection(SolutionConfigurationPlatforms) = preSolution
		Debug|Any CPU = Debug|Any CPU
		Debug|x64 = Debug|x64
		Debug|x86 = Debug|x86
		Release|Any CPU = Release|Any CPU
		Release|x64 = Release|x64
		Release|x86 = Release|x86
	EndGlobalSection
	GlobalSection(ProjectConfigurationPlatforms) = postSolution
		{20FC8C16-FFCC-42D6-AF9D-6EFB83E664F8}.Debug|Any CPU.ActiveCfg = Debug|Any CPU
		{20FC8C16-FFCC-42D6-AF9D-6EFB83E664F8}.Debug|Any CPU.Build.0 = Debug|Any CPU
		{20FC8C16-FFCC-42D6-AF9D-6EFB83E664F8}.Debug|x64.ActiveCfg = Debug|Any CPU
		{20FC8C16-FFCC-42D6-AF9D-6EFB83E664F8}.Debug|x64.Build.0 = Debug|Any CPU
		{20FC8C16-FFCC-42D6-AF9D-6EFB83E664F8}.Debug|x86.ActiveCfg = Debug|Any CPU
		{20FC8C16-FFCC-42D6-AF9D-6EFB83E664F8}.Debug|x86.Build.0 = Debug|Any CPU
		{20FC8C16-FFCC-42D6-AF9D-6EFB83E664F8}.Release|Any CPU.ActiveCfg = Release|Any CPU
		{20FC8C16-FFCC-42D6-AF9D-6EFB83E664F8}.Release|Any CPU.Build.0 = Release|Any CPU
		{20FC8C16-FFCC-42D6-AF9D-6EFB83E664F8}.Release|x64.ActiveCfg = Release|Any CPU
		{20FC8C16-FFCC-42D6-AF9D-6EFB83E664F8}.Release|x64.Build.0 = Release|Any CPU
		{20FC8C16-FFCC-42D6-AF9D-6EFB83E664F8}.Release|x86.ActiveCfg = Release|Any CPU
		{20FC8C16-FFCC-42D6-AF9D-6EFB83E664F8}.Release|x86.Build.0 = Release|Any CPU
		{4CD97432-027E-435C-9139-3FC1BB073DD0}.Debug|Any CPU.ActiveCfg = Debug|Win32
		{4CD97432-027E-435C-9139-3FC1BB073DD0}.Debug|Any CPU.Build.0 = Debug|Win32
		{4CD97432-027E-435C-9139-3FC1BB073DD0}.Debug|x64.ActiveCfg = Debug|x64
		{4CD97432-027E-435C-9139-3FC1BB073DD0}.Debug|x64.Build.0 = Debug|x64
		{4CD97432-027E-435C-9139-3FC1BB073DD0}.Debug|x86.ActiveCfg = Debug|Win32
		{4CD97432-027E-435C-9139-3FC1BB073DD0}.Debug|x86.Build.0 = Debug|Win32
		{4CD97432-027E-435C-9139-3FC1BB073DD0}.Release|Any CPU.ActiveCfg = Release|Win32
		{4CD97432-027E-435C-9139-3FC1BB073DD0}.Release|x64.ActiveCfg = Release|x64
		{4CD97432-027E-435C-9139-3FC1BB073DD0}.Release|x64.Build.0 = Release|x64
		{4CD97432-027E-435C-9139-3FC1BB073DD0}.Release|x86.ActiveCfg = Release|Win32
		{4CD97432-027E-435C-9139-3FC1BB073DD0}.Release|x86.Build.0 = Release|Win32
	EndGlobalSection
	GlobalSection(SolutionProperties) = preSolution
		HideSolutionNode = FALSE
	EndGlobalSection
	GlobalSection(ExtensibilityGlobals) = postSolution
		SolutionGuid = {F594DA87-BB5F-427B-A3D4-C4F0A4A6F4D1}
	EndGlobalSection
EndGlobal
